
Microsoft Visual Studio Solution File, Format Version 12.00
# Visual Studio Version 16
VisualStudioVersion = 16.0.31829.152
MinimumVisualStudioVersion = 10.0.40219.1
Project("{FAE04EC0-301F-11D3-BF4B-00C04F79EFBC}") = "MonitorController", "MonitorController\MonitorController.csproj", "{6E8C2E4B-FC4A-4696-B492-F6C0D1E43450}"
EndProject
Global
	GlobalSection(SolutionConfigurationPlatforms) = preSolution
		Debug|Any CPU = Debug|Any CPU
		Release|Any CPU = Release|Any CPU
	EndGlobalSection
	GlobalSection(ProjectConfigurationPlatforms) = postSolution
		{6E8C2E4B-FC4A-4696-B492-F6C0D1E43450}.Debug|Any CPU.ActiveCfg = Debug|Any CPU
		{6E8C2E4B-FC4A-4696-B492-F6C0D1E43450}.Debug|Any CPU.Build.0 = Debug|Any CPU
		{6E8C2E4B-FC4A-4696-B492-F6C0D1E43450}.Release|Any CPU.ActiveCfg = Release|Any CPU
		{6E8C2E4B-FC4A-4696-B492-F6C0D1E43450}.Release|Any CPU.Build.0 = Release|Any CPU
	EndGlobalSection
	GlobalSection(SolutionProperties) = preSolution
		HideSolutionNode = FALSE
	EndGlobalSection
	GlobalSection(ExtensibilityGlobals) = postSolution
		SolutionGuid = {CD9CC88D-4893-4B8D-A88F-52C6DAD599EB}
	EndGlobalSection
EndGlobal
